// !$*UTF8*$!
{
	archiveVersion = 1;
	classes = {
	};
	objectVersion = 51;
	objects = {

/* Begin PBXBuildFile section */
		0486F7B5E917C7F829C6B0E7 /* Pods_FoodAppList.framework in Frameworks */ = {isa = PBXBuildFile; fileRef = AAC80EC6E46D3E308A27CF89 /* Pods_FoodAppList.framework */; };
		BE1627E22687A59A006D7948 /* AppDelegate.swift in Sources */ = {isa = PBXBuildFile; fileRef = BE1627E12687A59A006D7948 /* AppDelegate.swift */; };
		BE1627E42687A59A006D7948 /* SceneDelegate.swift in Sources */ = {isa = PBXBuildFile; fileRef = BE1627E32687A59A006D7948 /* SceneDelegate.swift */; };
		BE1627EB2687A59D006D7948 /* Assets.xcassets in Resources */ = {isa = PBXBuildFile; fileRef = BE1627EA2687A59D006D7948 /* Assets.xcassets */; };
		BE1627EE2687A59D006D7948 /* LaunchScreen.storyboard in Resources */ = {isa = PBXBuildFile; fileRef = BE1627EC2687A59D006D7948 /* LaunchScreen.storyboard */; };
		BE16281326883565006D7948 /* SearchVC.swift in Sources */ = {isa = PBXBuildFile; fileRef = BE16281226883565006D7948 /* SearchVC.swift */; };
		BE16281526883591006D7948 /* SavedVC.swift in Sources */ = {isa = PBXBuildFile; fileRef = BE16281426883591006D7948 /* SavedVC.swift */; };
		BE16281A26883B72006D7948 /* UIView+Ext.swift in Sources */ = {isa = PBXBuildFile; fileRef = BE16281926883B72006D7948 /* UIView+Ext.swift */; };
		BE16281C26884B01006D7948 /* FoodModel.swift in Sources */ = {isa = PBXBuildFile; fileRef = BE16281B26884B01006D7948 /* FoodModel.swift */; };
		BE16281E26884B46006D7948 /* NetworkingService.swift in Sources */ = {isa = PBXBuildFile; fileRef = BE16281D26884B46006D7948 /* NetworkingService.swift */; };
		BE162820268852A0006D7948 /* SearchCell.swift in Sources */ = {isa = PBXBuildFile; fileRef = BE16281F268852A0006D7948 /* SearchCell.swift */; };
		BE16282226885A22006D7948 /* SearchPresenter.swift in Sources */ = {isa = PBXBuildFile; fileRef = BE16282126885A22006D7948 /* SearchPresenter.swift */; };
		BE16282426886767006D7948 /* GoogleService-Info.plist in Resources */ = {isa = PBXBuildFile; fileRef = BE16282326886767006D7948 /* GoogleService-Info.plist */; };
		BE16282626886A7A006D7948 /* LoginAndSignUpVC.swift in Sources */ = {isa = PBXBuildFile; fileRef = BE16282526886A7A006D7948 /* LoginAndSignUpVC.swift */; };
		BE16282826887B0D006D7948 /* RecipeVC.swift in Sources */ = {isa = PBXBuildFile; fileRef = BE16282726887B0D006D7948 /* RecipeVC.swift */; };
		BE16282A26888B05006D7948 /* LoginAndSignUpPresenter.swift in Sources */ = {isa = PBXBuildFile; fileRef = BE16282926888B04006D7948 /* LoginAndSignUpPresenter.swift */; };
		BE16282C26888C09006D7948 /* SignUpVC.swift in Sources */ = {isa = PBXBuildFile; fileRef = BE16282B26888C09006D7948 /* SignUpVC.swift */; };
		BE16282E26888C1B006D7948 /* LoginVC.swift in Sources */ = {isa = PBXBuildFile; fileRef = BE16282D26888C1B006D7948 /* LoginVC.swift */; };
		BE1628302688DBDE006D7948 /* FirebaseStore.swift in Sources */ = {isa = PBXBuildFile; fileRef = BE16282F2688DBDE006D7948 /* FirebaseStore.swift */; };
		BE1628322688E295006D7948 /* DatabaseManager.swift in Sources */ = {isa = PBXBuildFile; fileRef = BE1628312688E295006D7948 /* DatabaseManager.swift */; };
		BE1628352688E9D6006D7948 /* TabBarVC.swift in Sources */ = {isa = PBXBuildFile; fileRef = BE1628342688E9D6006D7948 /* TabBarVC.swift */; };
		BEDD7B69268B653600A5D1B5 /* Alerts.swift in Sources */ = {isa = PBXBuildFile; fileRef = BEDD7B68268B653600A5D1B5 /* Alerts.swift */; };
		BEFB1B76268A4DB400BC6F12 /* RecipePresenter.swift in Sources */ = {isa = PBXBuildFile; fileRef = BEFB1B75268A4DB400BC6F12 /* RecipePresenter.swift */; };
		BEFB1B78268A4DFD00BC6F12 /* RealmManager.swift in Sources */ = {isa = PBXBuildFile; fileRef = BEFB1B77268A4DFD00BC6F12 /* RealmManager.swift */; };
		BEFB1B7A268A4E3B00BC6F12 /* RecipeModel.swift in Sources */ = {isa = PBXBuildFile; fileRef = BEFB1B79268A4E3B00BC6F12 /* RecipeModel.swift */; };
		BEFB1B7C268A54D200BC6F12 /* SavedCell.swift in Sources */ = {isa = PBXBuildFile; fileRef = BEFB1B7B268A54D200BC6F12 /* SavedCell.swift */; };
/* End PBXBuildFile section */

/* Begin PBXFileReference section */
		17207FB96B4E900DD9842477 /* Pods-FoodAppList.release.xcconfig */ = {isa = PBXFileReference; includeInIndex = 1; lastKnownFileType = text.xcconfig; name = "Pods-FoodAppList.release.xcconfig"; path = "Target Support Files/Pods-FoodAppList/Pods-FoodAppList.release.xcconfig"; sourceTree = "<group>"; };
		5D96786D4CB2CE9C138E149F /* Pods-FoodAppList.debug.xcconfig */ = {isa = PBXFileReference; includeInIndex = 1; lastKnownFileType = text.xcconfig; name = "Pods-FoodAppList.debug.xcconfig"; path = "Target Support Files/Pods-FoodAppList/Pods-FoodAppList.debug.xcconfig"; sourceTree = "<group>"; };
		AAC80EC6E46D3E308A27CF89 /* Pods_FoodAppList.framework */ = {isa = PBXFileReference; explicitFileType = wrapper.framework; includeInIndex = 0; path = Pods_FoodAppList.framework; sourceTree = BUILT_PRODUCTS_DIR; };
		BE1627DE2687A59A006D7948 /* FoodAppList.app */ = {isa = PBXFileReference; explicitFileType = wrapper.application; includeInIndex = 0; path = FoodAppList.app; sourceTree = BUILT_PRODUCTS_DIR; };
		BE1627E12687A59A006D7948 /* AppDelegate.swift */ = {isa = PBXFileReference; lastKnownFileType = sourcecode.swift; path = AppDelegate.swift; sourceTree = "<group>"; };
		BE1627E32687A59A006D7948 /* SceneDelegate.swift */ = {isa = PBXFileReference; lastKnownFileType = sourcecode.swift; path = SceneDelegate.swift; sourceTree = "<group>"; };
		BE1627EA2687A59D006D7948 /* Assets.xcassets */ = {isa = PBXFileReference; lastKnownFileType = folder.assetcatalog; path = Assets.xcassets; sourceTree = "<group>"; };
		BE1627ED2687A59D006D7948 /* Base */ = {isa = PBXFileReference; lastKnownFileType = file.storyboard; name = Base; path = Base.lproj/LaunchScreen.storyboard; sourceTree = "<group>"; };
		BE1627EF2687A59D006D7948 /* Info.plist */ = {isa = PBXFileReference; lastKnownFileType = text.plist.xml; path = Info.plist; sourceTree = "<group>"; };
		BE16281226883565006D7948 /* SearchVC.swift */ = {isa = PBXFileReference; lastKnownFileType = sourcecode.swift; path = SearchVC.swift; sourceTree = "<group>"; };
		BE16281426883591006D7948 /* SavedVC.swift */ = {isa = PBXFileReference; lastKnownFileType = sourcecode.swift; path = SavedVC.swift; sourceTree = "<group>"; };
		BE16281926883B72006D7948 /* UIView+Ext.swift */ = {isa = PBXFileReference; lastKnownFileType = sourcecode.swift; path = "UIView+Ext.swift"; sourceTree = "<group>"; };
		BE16281B26884B01006D7948 /* FoodModel.swift */ = {isa = PBXFileReference; lastKnownFileType = sourcecode.swift; path = FoodModel.swift; sourceTree = "<group>"; };
		BE16281D26884B46006D7948 /* NetworkingService.swift */ = {isa = PBXFileReference; lastKnownFileType = sourcecode.swift; path = NetworkingService.swift; sourceTree = "<group>"; };
		BE16281F268852A0006D7948 /* SearchCell.swift */ = {isa = PBXFileReference; lastKnownFileType = sourcecode.swift; path = SearchCell.swift; sourceTree = "<group>"; };
		BE16282126885A22006D7948 /* SearchPresenter.swift */ = {isa = PBXFileReference; lastKnownFileType = sourcecode.swift; path = SearchPresenter.swift; sourceTree = "<group>"; };
		BE16282326886767006D7948 /* GoogleService-Info.plist */ = {isa = PBXFileReference; fileEncoding = 4; lastKnownFileType = text.plist.xml; path = "GoogleService-Info.plist"; sourceTree = "<group>"; };
		BE16282526886A7A006D7948 /* LoginAndSignUpVC.swift */ = {isa = PBXFileReference; lastKnownFileType = sourcecode.swift; path = LoginAndSignUpVC.swift; sourceTree = "<group>"; };
		BE16282726887B0D006D7948 /* RecipeVC.swift */ = {isa = PBXFileReference; lastKnownFileType = sourcecode.swift; path = RecipeVC.swift; sourceTree = "<group>"; };
		BE16282926888B04006D7948 /* LoginAndSignUpPresenter.swift */ = {isa = PBXFileReference; lastKnownFileType = sourcecode.swift; path = LoginAndSignUpPresenter.swift; sourceTree = "<group>"; };
		BE16282B26888C09006D7948 /* SignUpVC.swift */ = {isa = PBXFileReference; lastKnownFileType = sourcecode.swift; path = SignUpVC.swift; sourceTree = "<group>"; };
		BE16282D26888C1B006D7948 /* LoginVC.swift */ = {isa = PBXFileReference; lastKnownFileType = sourcecode.swift; path = LoginVC.swift; sourceTree = "<group>"; };
		BE16282F2688DBDE006D7948 /* FirebaseStore.swift */ = {isa = PBXFileReference; lastKnownFileType = sourcecode.swift; path = FirebaseStore.swift; sourceTree = "<group>"; };
		BE1628312688E295006D7948 /* DatabaseManager.swift */ = {isa = PBXFileReference; lastKnownFileType = sourcecode.swift; path = DatabaseManager.swift; sourceTree = "<group>"; };
		BE1628342688E9D6006D7948 /* TabBarVC.swift */ = {isa = PBXFileReference; lastKnownFileType = sourcecode.swift; path = TabBarVC.swift; sourceTree = "<group>"; };
		BEDD7B68268B653600A5D1B5 /* Alerts.swift */ = {isa = PBXFileReference; lastKnownFileType = sourcecode.swift; path = Alerts.swift; sourceTree = "<group>"; };
		BEFB1B75268A4DB400BC6F12 /* RecipePresenter.swift */ = {isa = PBXFileReference; lastKnownFileType = sourcecode.swift; path = RecipePresenter.swift; sourceTree = "<group>"; };
		BEFB1B77268A4DFD00BC6F12 /* RealmManager.swift */ = {isa = PBXFileReference; lastKnownFileType = sourcecode.swift; path = RealmManager.swift; sourceTree = "<group>"; };
		BEFB1B79268A4E3B00BC6F12 /* RecipeModel.swift */ = {isa = PBXFileReference; lastKnownFileType = sourcecode.swift; path = RecipeModel.swift; sourceTree = "<group>"; };
		BEFB1B7B268A54D200BC6F12 /* SavedCell.swift */ = {isa = PBXFileReference; lastKnownFileType = sourcecode.swift; path = SavedCell.swift; sourceTree = "<group>"; };
/* End PBXFileReference section */

/* Begin PBXFrameworksBuildPhase section */
		BE1627DB2687A59A006D7948 /* Frameworks */ = {
			isa = PBXFrameworksBuildPhase;
			buildActionMask = 2147483647;
			files = (
				0486F7B5E917C7F829C6B0E7 /* Pods_FoodAppList.framework in Frameworks */,
			);
			runOnlyForDeploymentPostprocessing = 0;
		};
/* End PBXFrameworksBuildPhase section */

/* Begin PBXGroup section */
		48933D3E39426809D2A17499 /* Pods */ = {
			isa = PBXGroup;
			children = (
				5D96786D4CB2CE9C138E149F /* Pods-FoodAppList.debug.xcconfig */,
				17207FB96B4E900DD9842477 /* Pods-FoodAppList.release.xcconfig */,
			);
			path = Pods;
			sourceTree = "<group>";
		};
		BE1627D52687A59A006D7948 = {
			isa = PBXGroup;
			children = (
				BE1627E02687A59A006D7948 /* FoodAppList */,
				BE1627DF2687A59A006D7948 /* Products */,
				48933D3E39426809D2A17499 /* Pods */,
				DE0F04B32A3079211E2727E1 /* Frameworks */,
			);
			sourceTree = "<group>";
		};
		BE1627DF2687A59A006D7948 /* Products */ = {
			isa = PBXGroup;
			children = (
				BE1627DE2687A59A006D7948 /* FoodAppList.app */,
			);
			name = Products;
			sourceTree = "<group>";
		};
		BE1627E02687A59A006D7948 /* FoodAppList */ = {
			isa = PBXGroup;
			children = (
				BEDD7B67268B652500A5D1B5 /* Warnings */,
				BE1628332688E9A3006D7948 /* TabbarModule */,
				BE16281826883B36006D7948 /* Extensions-Utilities */,
				BE1628112687AB55006D7948 /* ServiceLayer */,
				BE1628092687AAA2006D7948 /* SavedModule */,
				BE1628052687AA82006D7948 /* RecipeModule */,
				BE1628012687AA53006D7948 /* SearchModule */,
				BE1627FD2687AA26006D7948 /* SignUpModule */,
				BE1627F92687AA02006D7948 /* LoginModule */,
				BE1627F52687A98B006D7948 /* Login&SignUpModule */,
				BE1627E12687A59A006D7948 /* AppDelegate.swift */,
				BE1627E32687A59A006D7948 /* SceneDelegate.swift */,
				BE1627EA2687A59D006D7948 /* Assets.xcassets */,
				BE1627EC2687A59D006D7948 /* LaunchScreen.storyboard */,
				BE16282326886767006D7948 /* GoogleService-Info.plist */,
				BE1627EF2687A59D006D7948 /* Info.plist */,
			);
			path = FoodAppList;
			sourceTree = "<group>";
		};
		BE1627F52687A98B006D7948 /* Login&SignUpModule */ = {
			isa = PBXGroup;
			children = (
				BE1627F82687A9F8006D7948 /* Model */,
				BE1627F72687A9EB006D7948 /* View */,
				BE1627F62687A9E2006D7948 /* Presenter */,
			);
			path = "Login&SignUpModule";
			sourceTree = "<group>";
		};
		BE1627F62687A9E2006D7948 /* Presenter */ = {
			isa = PBXGroup;
			children = (
				BE16282926888B04006D7948 /* LoginAndSignUpPresenter.swift */,
			);
			path = Presenter;
			sourceTree = "<group>";
		};
		BE1627F72687A9EB006D7948 /* View */ = {
			isa = PBXGroup;
			children = (
				BE16282526886A7A006D7948 /* LoginAndSignUpVC.swift */,
			);
			path = View;
			sourceTree = "<group>";
		};
		BE1627F82687A9F8006D7948 /* Model */ = {
			isa = PBXGroup;
			children = (
			);
			path = Model;
			sourceTree = "<group>";
		};
		BE1627F92687AA02006D7948 /* LoginModule */ = {
			isa = PBXGroup;
			children = (
				BE1627FC2687AA1E006D7948 /* Model */,
				BE1627FB2687AA18006D7948 /* View */,
				BE1627FA2687AA11006D7948 /* Presenter */,
			);
			path = LoginModule;
			sourceTree = "<group>";
		};
		BE1627FA2687AA11006D7948 /* Presenter */ = {
			isa = PBXGroup;
			children = (
			);
			path = Presenter;
			sourceTree = "<group>";
		};
		BE1627FB2687AA18006D7948 /* View */ = {
			isa = PBXGroup;
			children = (
				BE16282D26888C1B006D7948 /* LoginVC.swift */,
			);
			path = View;
			sourceTree = "<group>";
		};
		BE1627FC2687AA1E006D7948 /* Model */ = {
			isa = PBXGroup;
			children = (
			);
			path = Model;
			sourceTree = "<group>";
		};
		BE1627FD2687AA26006D7948 /* SignUpModule */ = {
			isa = PBXGroup;
			children = (
				BE1628002687AA46006D7948 /* Model */,
				BE1627FF2687AA40006D7948 /* View */,
				BE1627FE2687AA37006D7948 /* Presenter */,
			);
			path = SignUpModule;
			sourceTree = "<group>";
		};
		BE1627FE2687AA37006D7948 /* Presenter */ = {
			isa = PBXGroup;
			children = (
			);
			path = Presenter;
			sourceTree = "<group>";
		};
		BE1627FF2687AA40006D7948 /* View */ = {
			isa = PBXGroup;
			children = (
				BE16282B26888C09006D7948 /* SignUpVC.swift */,
			);
			path = View;
			sourceTree = "<group>";
		};
		BE1628002687AA46006D7948 /* Model */ = {
			isa = PBXGroup;
			children = (
			);
			path = Model;
			sourceTree = "<group>";
		};
		BE1628012687AA53006D7948 /* SearchModule */ = {
			isa = PBXGroup;
			children = (
				BE1628042687AA70006D7948 /* Model */,
				BE1628032687AA6A006D7948 /* View */,
				BE1628022687AA63006D7948 /* Presenter */,
			);
			path = SearchModule;
			sourceTree = "<group>";
		};
		BE1628022687AA63006D7948 /* Presenter */ = {
			isa = PBXGroup;
			children = (
				BE16282126885A22006D7948 /* SearchPresenter.swift */,
			);
			path = Presenter;
			sourceTree = "<group>";
		};
		BE1628032687AA6A006D7948 /* View */ = {
			isa = PBXGroup;
			children = (
				BE16281226883565006D7948 /* SearchVC.swift */,
				BE16281F268852A0006D7948 /* SearchCell.swift */,
			);
			path = View;
			sourceTree = "<group>";
		};
		BE1628042687AA70006D7948 /* Model */ = {
			isa = PBXGroup;
			children = (
				BE16281B26884B01006D7948 /* FoodModel.swift */,
			);
			path = Model;
			sourceTree = "<group>";
		};
		BE1628052687AA82006D7948 /* RecipeModule */ = {
			isa = PBXGroup;
			children = (
				BE1628082687AA9A006D7948 /* Model */,
				BE1628072687AA94006D7948 /* View */,
				BE1628062687AA8D006D7948 /* Presenter */,
			);
			path = RecipeModule;
			sourceTree = "<group>";
		};
		BE1628062687AA8D006D7948 /* Presenter */ = {
			isa = PBXGroup;
			children = (
				BEFB1B75268A4DB400BC6F12 /* RecipePresenter.swift */,
			);
			path = Presenter;
			sourceTree = "<group>";
		};
		BE1628072687AA94006D7948 /* View */ = {
			isa = PBXGroup;
			children = (
				BE16282726887B0D006D7948 /* RecipeVC.swift */,
			);
			path = View;
			sourceTree = "<group>";
		};
		BE1628082687AA9A006D7948 /* Model */ = {
			isa = PBXGroup;
			children = (
				BEFB1B79268A4E3B00BC6F12 /* RecipeModel.swift */,
			);
			path = Model;
			sourceTree = "<group>";
		};
		BE1628092687AAA2006D7948 /* SavedModule */ = {
			isa = PBXGroup;
			children = (
				BE16280C2687AAC0006D7948 /* Model */,
				BE16280B2687AABA006D7948 /* View */,
				BE16280A2687AAB3006D7948 /* Presenter */,
			);
			path = SavedModule;
			sourceTree = "<group>";
		};
		BE16280A2687AAB3006D7948 /* Presenter */ = {
			isa = PBXGroup;
			children = (
			);
			path = Presenter;
			sourceTree = "<group>";
		};
		BE16280B2687AABA006D7948 /* View */ = {
			isa = PBXGroup;
			children = (
				BE16281426883591006D7948 /* SavedVC.swift */,
				BEFB1B7B268A54D200BC6F12 /* SavedCell.swift */,
			);
			path = View;
			sourceTree = "<group>";
		};
		BE16280C2687AAC0006D7948 /* Model */ = {
			isa = PBXGroup;
			children = (
			);
			path = Model;
			sourceTree = "<group>";
		};
		BE1628112687AB55006D7948 /* ServiceLayer */ = {
			isa = PBXGroup;
			children = (
				BE16281D26884B46006D7948 /* NetworkingService.swift */,
				BE16282F2688DBDE006D7948 /* FirebaseStore.swift */,
				BE1628312688E295006D7948 /* DatabaseManager.swift */,
				BEFB1B77268A4DFD00BC6F12 /* RealmManager.swift */,
			);
			path = ServiceLayer;
			sourceTree = "<group>";
		};
		BE16281826883B36006D7948 /* Extensions-Utilities */ = {
			isa = PBXGroup;
			children = (
				BE16281926883B72006D7948 /* UIView+Ext.swift */,
			);
			path = "Extensions-Utilities";
			sourceTree = "<group>";
		};
		BE1628332688E9A3006D7948 /* TabbarModule */ = {
			isa = PBXGroup;
			children = (
				BE1628342688E9D6006D7948 /* TabBarVC.swift */,
			);
			path = TabbarModule;
			sourceTree = "<group>";
		};
		BEDD7B67268B652500A5D1B5 /* Warnings */ = {
			isa = PBXGroup;
			children = (
				BEDD7B68268B653600A5D1B5 /* Alerts.swift */,
			);
			path = Warnings;
			sourceTree = "<group>";
		};
		DE0F04B32A3079211E2727E1 /* Frameworks */ = {
			isa = PBXGroup;
			children = (
				AAC80EC6E46D3E308A27CF89 /* Pods_FoodAppList.framework */,
			);
			name = Frameworks;
			sourceTree = "<group>";
		};
/* End PBXGroup section */

/* Begin PBXNativeTarget section */
		BE1627DD2687A59A006D7948 /* FoodAppList */ = {
			isa = PBXNativeTarget;
			buildConfigurationList = BE1627F22687A59D006D7948 /* Build configuration list for PBXNativeTarget "FoodAppList" */;
			buildPhases = (
				E321B203655E90585DEDDADA /* [CP] Check Pods Manifest.lock */,
				BE1627DA2687A59A006D7948 /* Sources */,
				BE1627DB2687A59A006D7948 /* Frameworks */,
				BE1627DC2687A59A006D7948 /* Resources */,
				5D946F187F0D8BB8DB2629F3 /* [CP] Embed Pods Frameworks */,
			);
			buildRules = (
			);
			dependencies = (
			);
			name = FoodAppList;
			productName = FoodAppList;
			productReference = BE1627DE2687A59A006D7948 /* FoodAppList.app */;
			productType = "com.apple.product-type.application";
		};
/* End PBXNativeTarget section */

/* Begin PBXProject section */
		BE1627D62687A59A006D7948 /* Project object */ = {
			isa = PBXProject;
			attributes = {
				LastSwiftUpdateCheck = 1250;
				LastUpgradeCheck = 1250;
				TargetAttributes = {
					BE1627DD2687A59A006D7948 = {
						CreatedOnToolsVersion = 12.5.1;
					};
				};
			};
			buildConfigurationList = BE1627D92687A59A006D7948 /* Build configuration list for PBXProject "FoodAppList" */;
			compatibilityVersion = "Xcode 9.3";
			developmentRegion = en;
			hasScannedForEncodings = 0;
			knownRegions = (
				en,
				Base,
			);
			mainGroup = BE1627D52687A59A006D7948;
			productRefGroup = BE1627DF2687A59A006D7948 /* Products */;
			projectDirPath = "";
			projectRoot = "";
			targets = (
				BE1627DD2687A59A006D7948 /* FoodAppList */,
			);
		};
/* End PBXProject section */

/* Begin PBXResourcesBuildPhase section */
		BE1627DC2687A59A006D7948 /* Resources */ = {
			isa = PBXResourcesBuildPhase;
			buildActionMask = 2147483647;
			files = (
				BE1627EE2687A59D006D7948 /* LaunchScreen.storyboard in Resources */,
				BE16282426886767006D7948 /* GoogleService-Info.plist in Resources */,
				BE1627EB2687A59D006D7948 /* Assets.xcassets in Resources */,
			);
			runOnlyForDeploymentPostprocessing = 0;
		};
/* End PBXResourcesBuildPhase section */

/* Begin PBXShellScriptBuildPhase section */
		5D946F187F0D8BB8DB2629F3 /* [CP] Embed Pods Frameworks */ = {
			isa = PBXShellScriptBuildPhase;
			buildActionMask = 2147483647;
			files = (
			);
			inputFileListPaths = (
				"${PODS_ROOT}/Target Support Files/Pods-FoodAppList/Pods-FoodAppList-frameworks-${CONFIGURATION}-input-files.xcfilelist",
			);
			name = "[CP] Embed Pods Frameworks";
			outputFileListPaths = (
				"${PODS_ROOT}/Target Support Files/Pods-FoodAppList/Pods-FoodAppList-frameworks-${CONFIGURATION}-output-files.xcfilelist",
			);
			runOnlyForDeploymentPostprocessing = 0;
			shellPath = /bin/sh;
			shellScript = "\"${PODS_ROOT}/Target Support Files/Pods-FoodAppList/Pods-FoodAppList-frameworks.sh\"\n";
			showEnvVarsInLog = 0;
		};
		E321B203655E90585DEDDADA /* [CP] Check Pods Manifest.lock */ = {
			isa = PBXShellScriptBuildPhase;
			buildActionMask = 2147483647;
			files = (
			);
			inputFileListPaths = (
			);
			inputPaths = (
				"${PODS_PODFILE_DIR_PATH}/Podfile.lock",
				"${PODS_ROOT}/Manifest.lock",
			);
			name = "[CP] Check Pods Manifest.lock";
			outputFileListPaths = (
			);
			outputPaths = (
				"$(DERIVED_FILE_DIR)/Pods-FoodAppList-checkManifestLockResult.txt",
			);
			runOnlyForDeploymentPostprocessing = 0;
			shellPath = /bin/sh;
			shellScript = "diff \"${PODS_PODFILE_DIR_PATH}/Podfile.lock\" \"${PODS_ROOT}/Manifest.lock\" > /dev/null\nif [ $? != 0 ] ; then\n    # print error to STDERR\n    echo \"error: The sandbox is not in sync with the Podfile.lock. Run 'pod install' or update your CocoaPods installation.\" >&2\n    exit 1\nfi\n# This output is used by Xcode 'outputs' to avoid re-running this script phase.\necho \"SUCCESS\" > \"${SCRIPT_OUTPUT_FILE_0}\"\n";
			showEnvVarsInLog = 0;
		};
/* End PBXShellScriptBuildPhase section */

/* Begin PBXSourcesBuildPhase section */
		BE1627DA2687A59A006D7948 /* Sources */ = {
			isa = PBXSourcesBuildPhase;
			buildActionMask = 2147483647;
			files = (
				BE1628322688E295006D7948 /* DatabaseManager.swift in Sources */,
				BE16281526883591006D7948 /* SavedVC.swift in Sources */,
				BE1628302688DBDE006D7948 /* FirebaseStore.swift in Sources */,
				BE162820268852A0006D7948 /* SearchCell.swift in Sources */,
				BE16282E26888C1B006D7948 /* LoginVC.swift in Sources */,
				BE16282A26888B05006D7948 /* LoginAndSignUpPresenter.swift in Sources */,
				BE16282226885A22006D7948 /* SearchPresenter.swift in Sources */,
				BE16282826887B0D006D7948 /* RecipeVC.swift in Sources */,
				BEFB1B76268A4DB400BC6F12 /* RecipePresenter.swift in Sources */,
				BE16281326883565006D7948 /* SearchVC.swift in Sources */,
				BEFB1B7C268A54D200BC6F12 /* SavedCell.swift in Sources */,
				BE16281A26883B72006D7948 /* UIView+Ext.swift in Sources */,
				BEFB1B78268A4DFD00BC6F12 /* RealmManager.swift in Sources */,
				BE16281C26884B01006D7948 /* FoodModel.swift in Sources */,
				BE1627E22687A59A006D7948 /* AppDelegate.swift in Sources */,
				BE16281E26884B46006D7948 /* NetworkingService.swift in Sources */,
				BE16282C26888C09006D7948 /* SignUpVC.swift in Sources */,
				BE1628352688E9D6006D7948 /* TabBarVC.swift in Sources */,
				BEFB1B7A268A4E3B00BC6F12 /* RecipeModel.swift in Sources */,
				BE16282626886A7A006D7948 /* LoginAndSignUpVC.swift in Sources */,
				BEDD7B69268B653600A5D1B5 /* Alerts.swift in Sources */,
				BE1627E42687A59A006D7948 /* SceneDelegate.swift in Sources */,
			);
			runOnlyForDeploymentPostprocessing = 0;
		};
/* End PBXSourcesBuildPhase section */

/* Begin PBXVariantGroup section */
		BE1627EC2687A59D006D7948 /* LaunchScreen.storyboard */ = {
			isa = PBXVariantGroup;
			children = (
				BE1627ED2687A59D006D7948 /* Base */,
			);
			name = LaunchScreen.storyboard;
			sourceTree = "<group>";
		};
/* End PBXVariantGroup section */

/* Begin XCBuildConfiguration section */
		BE1627F02687A59D006D7948 /* Debug */ = {
			isa = XCBuildConfiguration;
			buildSettings = {
				ALWAYS_SEARCH_USER_PATHS = NO;
				CLANG_ANALYZER_NONNULL = YES;
				CLANG_ANALYZER_NUMBER_OBJECT_CONVERSION = YES_AGGRESSIVE;
				CLANG_CXX_LANGUAGE_STANDARD = "gnu++14";
				CLANG_CXX_LIBRARY = "libc++";
				CLANG_ENABLE_MODULES = YES;
				CLANG_ENABLE_OBJC_ARC = YES;
				CLANG_ENABLE_OBJC_WEAK = YES;
				CLANG_WARN_BLOCK_CAPTURE_AUTORELEASING = YES;
				CLANG_WARN_BOOL_CONVERSION = YES;
				CLANG_WARN_COMMA = YES;
				CLANG_WARN_CONSTANT_CONVERSION = YES;
				CLANG_WARN_DEPRECATED_OBJC_IMPLEMENTATIONS = YES;
				CLANG_WARN_DIRECT_OBJC_ISA_USAGE = YES_ERROR;
				CLANG_WARN_DOCUMENTATION_COMMENTS = YES;
				CLANG_WARN_EMPTY_BODY = YES;
				CLANG_WARN_ENUM_CONVERSION = YES;
				CLANG_WARN_INFINITE_RECURSION = YES;
				CLANG_WARN_INT_CONVERSION = YES;
				CLANG_WARN_NON_LITERAL_NULL_CONVERSION = YES;
				CLANG_WARN_OBJC_IMPLICIT_RETAIN_SELF = YES;
				CLANG_WARN_OBJC_LITERAL_CONVERSION = YES;
				CLANG_WARN_OBJC_ROOT_CLASS = YES_ERROR;
				CLANG_WARN_QUOTED_INCLUDE_IN_FRAMEWORK_HEADER = YES;
				CLANG_WARN_RANGE_LOOP_ANALYSIS = YES;
				CLANG_WARN_STRICT_PROTOTYPES = YES;
				CLANG_WARN_SUSPICIOUS_MOVE = YES;
				CLANG_WARN_UNGUARDED_AVAILABILITY = YES_AGGRESSIVE;
				CLANG_WARN_UNREACHABLE_CODE = YES;
				CLANG_WARN__DUPLICATE_METHOD_MATCH = YES;
				COPY_PHASE_STRIP = NO;
				DEBUG_INFORMATION_FORMAT = dwarf;
				ENABLE_STRICT_OBJC_MSGSEND = YES;
				ENABLE_TESTABILITY = YES;
				GCC_C_LANGUAGE_STANDARD = gnu11;
				GCC_DYNAMIC_NO_PIC = NO;
				GCC_NO_COMMON_BLOCKS = YES;
				GCC_OPTIMIZATION_LEVEL = 0;
				GCC_PREPROCESSOR_DEFINITIONS = (
					"DEBUG=1",
					"$(inherited)",
				);
				GCC_WARN_64_TO_32_BIT_CONVERSION = YES;
				GCC_WARN_ABOUT_RETURN_TYPE = YES_ERROR;
				GCC_WARN_UNDECLARED_SELECTOR = YES;
				GCC_WARN_UNINITIALIZED_AUTOS = YES_AGGRESSIVE;
				GCC_WARN_UNUSED_FUNCTION = YES;
				GCC_WARN_UNUSED_VARIABLE = YES;
				IPHONEOS_DEPLOYMENT_TARGET = 14.5;
				MTL_ENABLE_DEBUG_INFO = INCLUDE_SOURCE;
				MTL_FAST_MATH = YES;
				ONLY_ACTIVE_ARCH = YES;
				SDKROOT = iphoneos;
				SWIFT_ACTIVE_COMPILATION_CONDITIONS = DEBUG;
				SWIFT_OPTIMIZATION_LEVEL = "-Onone";
			};
			name = Debug;
		};
		BE1627F12687A59D006D7948 /* Release */ = {
			isa = XCBuildConfiguration;
			buildSettings = {
				ALWAYS_SEARCH_USER_PATHS = NO;
				CLANG_ANALYZER_NONNULL = YES;
				CLANG_ANALYZER_NUMBER_OBJECT_CONVERSION = YES_AGGRESSIVE;
				CLANG_CXX_LANGUAGE_STANDARD = "gnu++14";
				CLANG_CXX_LIBRARY = "libc++";
				CLANG_ENABLE_MODULES = YES;
				CLANG_ENABLE_OBJC_ARC = YES;
				CLANG_ENABLE_OBJC_WEAK = YES;
				CLANG_WARN_BLOCK_CAPTURE_AUTORELEASING = YES;
				CLANG_WARN_BOOL_CONVERSION = YES;
				CLANG_WARN_COMMA = YES;
				CLANG_WARN_CONSTANT_CONVERSION = YES;
				CLANG_WARN_DEPRECATED_OBJC_IMPLEMENTATIONS = YES;
				CLANG_WARN_DIRECT_OBJC_ISA_USAGE = YES_ERROR;
				CLANG_WARN_DOCUMENTATION_COMMENTS = YES;
				CLANG_WARN_EMPTY_BODY = YES;
				CLANG_WARN_ENUM_CONVERSION = YES;
				CLANG_WARN_INFINITE_RECURSION = YES;
				CLANG_WARN_INT_CONVERSION = YES;
				CLANG_WARN_NON_LITERAL_NULL_CONVERSION = YES;
				CLANG_WARN_OBJC_IMPLICIT_RETAIN_SELF = YES;
				CLANG_WARN_OBJC_LITERAL_CONVERSION = YES;
				CLANG_WARN_OBJC_ROOT_CLASS = YES_ERROR;
				CLANG_WARN_QUOTED_INCLUDE_IN_FRAMEWORK_HEADER = YES;
				CLANG_WARN_RANGE_LOOP_ANALYSIS = YES;
				CLANG_WARN_STRICT_PROTOTYPES = YES;
				CLANG_WARN_SUSPICIOUS_MOVE = YES;
				CLANG_WARN_UNGUARDED_AVAILABILITY = YES_AGGRESSIVE;
				CLANG_WARN_UNREACHABLE_CODE = YES;
				CLANG_WARN__DUPLICATE_METHOD_MATCH = YES;
				COPY_PHASE_STRIP = NO;
				DEBUG_INFORMATION_FORMAT = "dwarf-with-dsym";
				ENABLE_NS_ASSERTIONS = NO;
				ENABLE_STRICT_OBJC_MSGSEND = YES;
				GCC_C_LANGUAGE_STANDARD = gnu11;
				GCC_NO_COMMON_BLOCKS = YES;
				GCC_WARN_64_TO_32_BIT_CONVERSION = YES;
				GCC_WARN_ABOUT_RETURN_TYPE = YES_ERROR;
				GCC_WARN_UNDECLARED_SELECTOR = YES;
				GCC_WARN_UNINITIALIZED_AUTOS = YES_AGGRESSIVE;
				GCC_WARN_UNUSED_FUNCTION = YES;
				GCC_WARN_UNUSED_VARIABLE = YES;
				IPHONEOS_DEPLOYMENT_TARGET = 14.5;
				MTL_ENABLE_DEBUG_INFO = NO;
				MTL_FAST_MATH = YES;
				SDKROOT = iphoneos;
				SWIFT_COMPILATION_MODE = wholemodule;
				SWIFT_OPTIMIZATION_LEVEL = "-O";
				VALIDATE_PRODUCT = YES;
			};
			name = Release;
		};
		BE1627F32687A59D006D7948 /* Debug */ = {
			isa = XCBuildConfiguration;
			baseConfigurationReference = 5D96786D4CB2CE9C138E149F /* Pods-FoodAppList.debug.xcconfig */;
			buildSettings = {
				ASSETCATALOG_COMPILER_APPICON_NAME = AppIcon;
				ASSETCATALOG_COMPILER_GLOBAL_ACCENT_COLOR_NAME = AccentColor;
				CODE_SIGN_STYLE = Automatic;
				DEVELOPMENT_TEAM = H5W6DUL8QB;
				INFOPLIST_FILE = FoodAppList/Info.plist;
				LD_RUNPATH_SEARCH_PATHS = (
					"$(inherited)",
					"@executable_path/Frameworks",
				);
				PRODUCT_BUNDLE_IDENTIFIER = "Vinyar-project.FoodAppList";
				PRODUCT_NAME = "$(TARGET_NAME)";
				SWIFT_VERSION = 5.0;
				TARGETED_DEVICE_FAMILY = "1,2";
			};
			name = Debug;
		};
		BE1627F42687A59D006D7948 /* Release */ = {
			isa = XCBuildConfiguration;
			baseConfigurationReference = 17207FB96B4E900DD9842477 /* Pods-FoodAppList.release.xcconfig */;
			buildSettings = {
				ASSETCATALOG_COMPILER_APPICON_NAME = AppIcon;
				ASSETCATALOG_COMPILER_GLOBAL_ACCENT_COLOR_NAME = AccentColor;
				CODE_SIGN_STYLE = Automatic;
				DEVELOPMENT_TEAM = H5W6DUL8QB;
				INFOPLIST_FILE = FoodAppList/Info.plist;
				LD_RUNPATH_SEARCH_PATHS = (
					"$(inherited)",
					"@executable_path/Frameworks",
				);
				PRODUCT_BUNDLE_IDENTIFIER = "Vinyar-project.FoodAppList";
				PRODUCT_NAME = "$(TARGET_NAME)";
				SWIFT_VERSION = 5.0;
				TARGETED_DEVICE_FAMILY = "1,2";
			};
			name = Release;
		};
/* End XCBuildConfiguration section */

/* Begin XCConfigurationList section */
		BE1627D92687A59A006D7948 /* Build configuration list for PBXProject "FoodAppList" */ = {
			isa = XCConfigurationList;
			buildConfigurations = (
				BE1627F02687A59D006D7948 /* Debug */,
				BE1627F12687A59D006D7948 /* Release */,
			);
			defaultConfigurationIsVisible = 0;
			defaultConfigurationName = Release;
		};
		BE1627F22687A59D006D7948 /* Build configuration list for PBXNativeTarget "FoodAppList" */ = {
			isa = XCConfigurationList;
			buildConfigurations = (
				BE1627F32687A59D006D7948 /* Debug */,
				BE1627F42687A59D006D7948 /* Release */,
			);
			defaultConfigurationIsVisible = 0;
			defaultConfigurationName = Release;
		};
/* End XCConfigurationList section */
	};
	rootObject = BE1627D62687A59A006D7948 /* Project object */;
}
